github.com/go-augeas/augeas v0.0.0-20261004231502-ab125cfca0e7 h1:dkWIaaX6HV4qBSYKwyEB7Mv2keeZ6epT1YlB9AYXRc0=
github.com/go-augeas/augeas v0.0.0-20261004231502-ab125cfca0e7/go.mod h1:EsdHeGPJDxj7ceLUGxj3Eo2tbca0ZTkdR9kCuZvMX34=
github.com/go-encryptions/unixcrypt v0.2.0 h1:y7jPRn7D22dKkAS54XF+IndhCw0Vyf4uoEb2YZLroLg=
github.com/go-encryptions/unixcrypt v0.2.0/go.mod h1:b9Ng6kn/dLtVXduigJ5Lc3rcpaWaiYVYRilBn+n4VaE=
github.com/go-facter/facter v0.0.0-20261004232102-63b6500f7955 h1:VoAr7ravaooO+lljmRgWfly0zZANqv1wwga/2JlU5QU=
github.com/go-facter/facter v0.0.0-20261004232102-63b6500f7955/go.mod h1:QOtthkJYvesNfku9hEOQvwmnXE3zzlUBnq6RjYBXOQg=
github.com/go-hiera/hiera v0.0.0-20261004233440-208f78802339 h1:FRe8Ge9Os6CkAAra1HcG926gDTs/zyOS0yieEtI9g1s=
github.com/go-hiera/hiera v0.0.0-20261004233440-208f78802339/go.mod h1:EUKZjKW12bUA0KgO7NGbVrJV9qeyrO2RC32VyS76b2M=
github.com/go-hocon/hocon v0.0.0-20261004235045-8d91a5974fd1 h1:C9xACoVO5W4EZWoBsxzuwGsLDvPZ8pwyBIGfBdKt1NA=
github.com/go-hocon/hocon v0.0.0-20261004235045-8d91a5974fd1/go.mod h1:TME1hRYCnUlJcGul5JqKynEmVINMVFLM7+Xir+sfnm4=
github.com/go-pcore/pcore v0.0.0-20261004232152-857d5dc0c357 h1:odzUJ3jZEBExV2rOb47qbSgbHidFk0q95Cl130NeKEc=
github.com/go-pcore/pcore v0.0.0-20261004232152-857d5dc0c357/go.mod h1:r+Tqoy6i8HiDyaoL+gx24t+jCqT4oz2M2PRZj/bs5qE=
github.com/go-ruby-hcl2/hcl2 v0.0.0-20261005010609-6dbd0d5c20ab h1:wOVGjyBIgczKd2RXPn0Z1Y0Qb76a5BEE+CqaxPHWSog=
github.com/go-ruby-hcl2/hcl2 v0.0.0-20261005010609-6dbd0d5c20ab/go.mod h1:gT6LTmQI+mmSYhXLU4wlN5v17QvgPS1BdGKBCI/NMZs=
github.com/go-ruby-yaml/yaml v0.0.0-20261005142316-b55f761c1a87 h1:oJCVfBLnJ8BTgdq+3ujIF8rxoFg4TO6HWcKgNGWgqNM=
github.com/go-ruby-yaml/yaml v0.0.0-20261005142316-b55f761c1a87/go.mod h1:eGbQIhYT8k6DuOJYyo5WlV4itj/qiCPRy5ZsdhRQRvI=
golang.org/x/crypto v0.57.0 h1:3ZVCjf8Ggz7zneR/EHRVx68Ctf+2pmIMP2UFhh9cC6M=
golang.org/x/crypto v0.57.0/go.mod h1:Fdz0i5U6CoizGwLda9DttjSk6qlZo25zYNtR+ycvuZA=
